
Microsoft Visual Studio Solution File, Format Version 12.00
# Visual Studio Version 17
VisualStudioVersion = 17.4.33213.308
MinimumVisualStudioVersion = 10.0.40219.1
Project("{9A19103F-16F7-4668-BE54-9A1E7A4F7556}") = "MiddleLayer", "MiddleLayer.csproj", "{B34A5371-3AB3-490D-963F-F22529A13E00}"
EndProject
Project("{9A19103F-16F7-4668-BE54-9A1E7A4F7556}") = "WinFormCustomer", "..\WinFormCustomer\WinFormCustomer.csproj", "{7AF59011-C016-4288-BF59-08AE87830BB6}"
EndProject
Project("{FAE04EC0-301F-11D3-BF4B-00C04F79EFBC}") = "FactoryCustomer", "..\FactoryCustomer\FactoryCustomer.csproj", "{29C1AFF1-C9D8-4EB1-B4EB-50DF9613502C}"
EndProject
Global
	GlobalSection(SolutionConfigurationPlatforms) = preSolution
		Debug|Any CPU = Debug|Any CPU
		Release|Any CPU = Release|Any CPU
	EndGlobalSection
	GlobalSection(ProjectConfigurationPlatforms) = postSolution
		{B34A5371-3AB3-490D-963F-F22529A13E00}.Debug|Any CPU.ActiveCfg = Debug|Any CPU
		{B34A5371-3AB3-490D-963F-F22529A13E00}.Debug|Any CPU.Build.0 = Debug|Any CPU
		{B34A5371-3AB3-490D-963F-F22529A13E00}.Release|Any CPU.ActiveCfg = Release|Any CPU
		{B34A5371-3AB3-490D-963F-F22529A13E00}.Release|Any CPU.Build.0 = Release|Any CPU
		{7AF59011-C016-4288-BF59-08AE87830BB6}.Debug|Any CPU.ActiveCfg = Debug|Any CPU
		{7AF59011-C016-4288-BF59-08AE87830BB6}.Debug|Any CPU.Build.0 = Debug|Any CPU
		{7AF59011-C016-4288-BF59-08AE87830BB6}.Release|Any CPU.ActiveCfg = Release|Any CPU
		{7AF59011-C016-4288-BF59-08AE87830BB6}.Release|Any CPU.Build.0 = Release|Any CPU
		{29C1AFF1-C9D8-4EB1-B4EB-50DF9613502C}.Debug|Any CPU.ActiveCfg = Debug|Any CPU
		{29C1AFF1-C9D8-4EB1-B4EB-50DF9613502C}.Debug|Any CPU.Build.0 = Debug|Any CPU
		{29C1AFF1-C9D8-4EB1-B4EB-50DF9613502C}.Release|Any CPU.ActiveCfg = Release|Any CPU
		{29C1AFF1-C9D8-4EB1-B4EB-50DF9613502C}.Release|Any CPU.Build.0 = Release|Any CPU
	EndGlobalSection
	GlobalSection(SolutionProperties) = preSolution
		HideSolutionNode = FALSE
	EndGlobalSection
	GlobalSection(ExtensibilityGlobals) = postSolution
		SolutionGuid = {69962CF5-DE7B-4448-A0C8-FAA53F9235BB}
	EndGlobalSection
EndGlobal
